{
  "nodes": {
    "4h": {
      "inputs": {
        "nixpkgs": "nixpkgs"
      },
      "locked": {
        "lastModified": 1787827957,
        "narHash": "sha256-iTX/fVE2pthhQt4/48h53AlM2g0FIb16FXAu6+HxS28=",
        "owner": "chreekat",
        "repo": "4h",
        "rev": "0c518258559712c94a4ffc4c750cfacbfe797119",
        "type": "github"
      },
      "original": {
        "owner": "chreekat",
        "repo": "4h",
        "type": "github"
      }
    },
    "agenix": {
      "inputs": {
        "darwin": "darwin",
        "home-manager": "home-manager",
        "nixpkgs": [
          "nixpkgs"
        ],
        "systems": "systems"
      },
      "locked": {
        "lastModified": 1770165109,
        "narHash": "sha256-9VnK6Oqai65puVJ4WYtCTvlJeXxMzAp/69HhQuTdl/I=",
        "owner": "ryantm",
        "repo": "agenix",
        "rev": "b027ee29d959fda4b60b57566d64c98a202e0feb",
        "type": "github"
      },
      "original": {
        "owner": "ryantm",
        "repo": "agenix",
        "type": "github"
      }
    },
    "agenix-cli": {
      "flake": false,
      "locked": {
        "lastModified": 1770165109,
        "narHash": "sha256-9VnK6Oqai65puVJ4WYtCTvlJeXxMzAp/69HhQuTdl/I=",
        "owner": "ryantm",
        "repo": "agenix",
        "rev": "b027ee29d959fda4b60b57566d64c98a202e0feb",
        "type": "github"
      },
      "original": {
        "owner": "ryantm",
        "repo": "agenix",
        "type": "github"
      }
    },
    "darwin": {
      "inputs": {
        "nixpkgs": [
          "agenix",
          "nixpkgs"
        ]
      },
      "locked": {
        "lastModified": 1744478979,
        "narHash": "sha256-dyN+teG9G82G+m+PX/aSAagkC+vUv0SgUw3XkPhQodQ=",
        "owner": "lnl7",
        "repo": "nix-darwin",
        "rev": "43975d782b418ebf4969e9ccba82466728c2851b",
        "type": "github"
      },
      "original": {
        "owner": "lnl7",
        "ref": "master",
        "repo": "nix-darwin",
        "type": "github"
      }
    },
    "disko": {
      "inputs": {
        "nixpkgs": [
          "nixpkgs"
        ]
      },
      "locked": {
        "lastModified": 1781152676,
        "narHash": "sha256-RxWs5ND31KzTG7wvMM+PMfUjyNpmIEr999lqNARaM5o=",
        "owner": "nix-community",
        "repo": "disko",
        "rev": "ff8702b4de27f72b4c78573dfb89ec74e36abdf1",
        "type": "github"
      },
      "original": {
        "owner": "nix-community",
        "repo": "disko",
        "type": "github"
      }
    },
    "flake-compat": {
      "flake": false,
      "locked": {
        "lastModified": 1767039857,
        "narHash": "sha256-vNpUSpF5Nuw8xvDLj2KCwwksIbjua2LZCqhV1LNRDns=",
        "owner": "edolstra",
        "repo": "flake-compat",
        "rev": "5edf11c44bc78a0d334f6334cdaf7d60d732daab",
        "type": "github"
      },
      "original": {
        "owner": "edolstra",
        "repo": "flake-compat",
        "type": "github"
      }
    },
    "flake-compat_2": {
      "flake": false,
      "locked": {
        "lastModified": 1767039857,
        "narHash": "sha256-vNpUSpF5Nuw8xvDLj2KCwwksIbjua2LZCqhV1LNRDns=",
        "owner": "edolstra",
        "repo": "flake-compat",
        "rev": "5edf11c44bc78a0d334f6334cdaf7d60d732daab",
        "type": "github"
      },
      "original": {
        "owner": "edolstra",
        "repo": "flake-compat",
        "type": "github"
      }
    },
    "ghcid": {
      "inputs": {
        "flake-compat": "flake-compat",
        "nixpkgs": "nixpkgs_2"
      },
      "locked": {
        "lastModified": 1789040640,
        "narHash": "sha256-i4BybedVI+2vCOheKAX4YIrb7KELaEmTZBlzLQouxoU=",
        "owner": "chreekat",
        "repo": "ghcid",
        "rev": "d906f573662424a62e25f406399642dd55c0ab19",
        "type": "github"
      },
      "original": {
        "owner": "chreekat",
        "repo": "ghcid",
        "type": "github"
      }
    },
    "hat": {
      "inputs": {
        "flake-compat": "flake-compat_2",
        "nixpkgs": "nixpkgs_3",
        "nixpkgs-ghostty": "nixpkgs-ghostty",
        "tmux-src": "tmux-src"
      },
      "locked": {
        "lastModified": 1790246202,
        "narHash": "sha256-vtIDSDoihPAAdVUPIUarnh6z1a+DvAneDT5ui0uQI5M=",
        "owner": "chreekat",
        "repo": "hat",
        "rev": "03d7a9ea082989e2154579f917b3c97136dfa3be",
        "type": "github"
      },
      "original": {
        "owner": "chreekat",
        "repo": "hat",
        "type": "github"
      }
    },
    "home-manager": {
      "inputs": {
        "nixpkgs": [
          "agenix",
          "nixpkgs"
        ]
      },
      "locked": {
        "lastModified": 1745494811,
        "narHash": "sha256-YZCh2o9Ua1n9uCvrvi5pRxtuVNml8X2a03qIFfRKpFs=",
        "owner": "nix-community",
        "repo": "home-manager",
        "rev": "abfad3d2958c9e6300a883bd443512c55dfeb1be",
        "type": "github"
      },
      "original": {
        "owner": "nix-community",
        "repo": "home-manager",
        "type": "github"
      }
    },
    "losh-t": {
      "flake": false,
      "locked": {
        "lastModified": 1586619674,
        "narHash": "sha256-L1hEm/tp2CAE1sYpjMv5u+M4DTxqKYqQZxAv/tqFIq4=",
        "owner": "sjl",
        "repo": "t",
        "rev": "815ccaf4f0bf2acb2a7f2cb330bf0532d782f408",
        "type": "github"
      },
      "original": {
        "owner": "sjl",
        "repo": "t",
        "type": "github"
      }
    },
    "nixpkgs": {
      "locked": {
        "lastModified": 1787498568,
        "narHash": "sha256-9i/VTdusq/+NM/tz+J1Re+ojkMB8MBf0QshnYfzHz30=",
        "owner": "NixOS",
        "repo": "nixpkgs",
        "rev": "56c02bc00adcf003215cc4bd996d6efaf4cff188",
        "type": "github"
      },
      "original": {
        "owner": "NixOS",
        "ref": "nixos-unstable",
        "repo": "nixpkgs",
        "type": "github"
      }
    },
    "nixpkgs-ghostty": {
      "locked": {
        "lastModified": 1783224372,
        "narHash": "sha256-8i/87eeoqiGE4yOTjwSA3Eh/ziJRQEmd/unYU+K27sk=",
        "owner": "NixOS",
        "repo": "nixpkgs",
        "rev": "d407951447dcd00442e97087bf374aad70c04cea",
        "type": "github"
      },
      "original": {
        "owner": "NixOS",
        "repo": "nixpkgs",
        "rev": "d407951447dcd00442e97087bf374aad70c04cea",
        "type": "github"
      }
    },
    "nixpkgs-kuusi": {
      "locked": {
        "lastModified": 1790113641,
        "narHash": "sha256-DfkF+sEdKXCrvkg7olt82Q9cfP3p7Ro2R851fcTcSxI=",
        "rev": "1bc55b9def8165e82073919945c3239903fe4dc2",
        "type": "tarball",
        "url": "https://releases.nixos.org/nixos/26.05/nixos-26.05.10478.1bc55b9def81/nixexprs.tar.zst"
      },
      "original": {
        "type": "tarball",
        "url": "https://channels.nixos.org/nixos-26.05/nixexprs.tar.zst"
      }
    },
    "nixpkgs-puny": {
      "locked": {
        "lastModified": 1788921488,
        "narHash": "sha256-JLopN/XSodSsJIZ7v7tEjpPZ+QXc883s3HoUIxHD8Io=",
        "rev": "6aefcda9401be8acc2b74244fb3b37520ea1f0a8",
        "type": "tarball",
        "url": "https://releases.nixos.org/nixos/26.05/nixos-26.05.9440.6aefcda9401b/nixexprs.tar.zst"
      },
      "original": {
        "type": "tarball",
        "url": "https://channels.nixos.org/nixos-26.05/nixexprs.tar.zst"
      }
    },
    "nixpkgs_2": {
      "locked": {
        "lastModified": 1788921488,
        "narHash": "sha256-JLopN/XSodSsJIZ7v7tEjpPZ+QXc883s3HoUIxHD8Io=",
        "rev": "6aefcda9401be8acc2b74244fb3b37520ea1f0a8",
        "type": "tarball",
        "url": "https://releases.nixos.org/nixos/26.05/nixos-26.05.9440.6aefcda9401b/nixexprs.tar.zst"
      },
      "original": {
        "type": "tarball",
        "url": "https://channels.nixos.org/nixos-26.05/nixexprs.tar.zst"
      }
    },
    "nixpkgs_3": {
      "locked": {
        "lastModified": 1787135253,
        "narHash": "sha256-RD2kNWCG+Bjo6h+JVjWVNntZs2GtRoeY2xHjts/FNkA=",
        "owner": "NixOS",
        "repo": "nixpkgs",
        "rev": "ffb3c9b700e759be2ef13237c9d8f953b32a1e46",
        "type": "github"
      },
      "original": {
        "owner": "NixOS",
        "ref": "nixos-unstable",
        "repo": "nixpkgs",
        "type": "github"
      }
    },
    "nixpkgs_4": {
      "locked": {
        "lastModified": 1789344334,
        "narHash": "sha256-it+7kNGnOOHBCEnl4SfZ7QtfGziH3EryzHqwvJpjAfg=",
        "rev": "c3eea5b2156db11c7eeeada3dc737711255b253e",
        "type": "tarball",
        "url": "https://releases.nixos.org/nixos/26.05/nixos-26.05.9729.c3eea5b2156d/nixexprs.tar.zst"
      },
      "original": {
        "type": "tarball",
        "url": "https://channels.nixos.org/nixos-26.05/nixexprs.tar.zst"
      }
    },
    "nonfree-fonts": {
      "flake": false,
      "locked": {
        "lastModified": 1760959139,
        "narHash": "sha256-bNTsAsRTV44FeMO0AMhwhPTJiIb06iJp8Z5an3Qtisk=",
        "ref": "refs/heads/master",
        "rev": "d65d13b9f740c253e64867b3fc13b289045bb0ca",
        "revCount": 4,
        "type": "git",
        "url": "ssh://git@git.sr.ht/~chreekat/nonfree-fonts"
      },
      "original": {
        "type": "git",
        "url": "ssh://git@git.sr.ht/~chreekat/nonfree-fonts"
      }
    },
    "root": {
      "inputs": {
        "4h": "4h",
        "agenix": "agenix",
        "agenix-cli": "agenix-cli",
        "disko": "disko",
        "ghcid": "ghcid",
        "hat": "hat",
        "losh-t": "losh-t",
        "nixpkgs": "nixpkgs_4",
        "nixpkgs-kuusi": "nixpkgs-kuusi",
        "nixpkgs-puny": "nixpkgs-puny",
        "nonfree-fonts": "nonfree-fonts"
      }
    },
    "systems": {
      "locked": {
        "lastModified": 1681028828,
        "narHash": "sha256-Vy1rq5AaRuLzOxct8nz4T6wlgyUR7zLU309k9mBC768=",
        "owner": "nix-systems",
        "repo": "default",
        "rev": "da67096a3b9bf56a91d16901293e51ba5b49a27e",
        "type": "github"
      },
      "original": {
        "owner": "nix-systems",
        "repo": "default",
        "type": "github"
      }
    },
    "tmux-src": {
      "flake": false,
      "locked": {
        "lastModified": 1785385372,
        "narHash": "sha256-/iRpbo6jady0bFg1MZP/Jsf1itIS41GXhZ6edmJoHHo=",
        "owner": "tmux",
        "repo": "tmux",
        "rev": "31dccb6bc9521b0ea46307974d071ad7f09f0e9b",
        "type": "github"
      },
      "original": {
        "owner": "tmux",
        "repo": "tmux",
        "rev": "31dccb6bc9521b0ea46307974d071ad7f09f0e9b",
        "type": "github"
      }
    }
  },
  "root": "root",
  "version": 7
}
