{
  "nodes": {
    "nixpkgs": {
      "locked": {
        "lastModified": 1698562188,
        "narHash": "sha256-9nkxGnA/T+jLhHAMFRW157Qi/zfbf5dF1q7HfKROl3o=",
        "owner": "NixOS",
        "repo": "nixpkgs",
        "rev": "3e10c80821dedb93592682379f476745f370a58e",
        "type": "github"
      },
      "original": {
        "owner": "NixOS",
        "ref": "nixos-23.05",
        "repo": "nixpkgs",
        "type": "github"
      }
    },
    "root": {
      "inputs": {
        "nixpkgs": "nixpkgs"
      }
    }
  },
  "root": "root",
  "version": 7
}
